
Microsoft Visual Studio Solution File, Format Version 12.00
# Visual Studio Version 17
VisualStudioVersion = 17.8.34316.72
MinimumVisualStudioVersion = 10.0.40219.1
Project("{FAE04EC0-301F-11D3-BF4B-00C04F79EFBC}") = "Zadnie domowe nr 2 tydzień 2", "Zadnie domowe nr 2 tydzień 2\Zadnie domowe nr 2 tydzień 2.csproj", "{0B7C9D41-BCD5-4929-A77F-5B402BA74D9B}"
EndProject
Global
	GlobalSection(SolutionConfigurationPlatforms) = preSolution
		Debug|Any CPU = Debug|Any CPU
		Release|Any CPU = Release|Any CPU
	EndGlobalSection
	GlobalSection(ProjectConfigurationPlatforms) = postSolution
		{0B7C9D41-BCD5-4929-A77F-5B402BA74D9B}.Debug|Any CPU.ActiveCfg = Debug|Any CPU
		{0B7C9D41-BCD5-4929-A77F-5B402BA74D9B}.Debug|Any CPU.Build.0 = Debug|Any CPU
		{0B7C9D41-BCD5-4929-A77F-5B402BA74D9B}.Release|Any CPU.ActiveCfg = Release|Any CPU
		{0B7C9D41-BCD5-4929-A77F-5B402BA74D9B}.Release|Any CPU.Build.0 = Release|Any CPU
	EndGlobalSection
	GlobalSection(SolutionProperties) = preSolution
		HideSolutionNode = FALSE
	EndGlobalSection
	GlobalSection(ExtensibilityGlobals) = postSolution
		SolutionGuid = {275CF5CB-D28A-4385-81A9-A0302F739FC6}
	EndGlobalSection
EndGlobal
